
Microsoft Visual Studio Solution File, Format Version 12.00
# Visual Studio Version 16
VisualStudioVersion = 16.0.31129.286
MinimumVisualStudioVersion = 10.0.40219.1
Project("{FAE04EC0-301F-11D3-BF4B-00C04F79EFBC}") = "GildedRose.Application", "GildedRose.Application\GildedRose.Application.csproj", "{DD6CF8CA-1AD5-4157-AE67-FDB155370D0C}"
EndProject
Project("{FAE04EC0-301F-11D3-BF4B-00C04F79EFBC}") = "GildedRose.Domain", "GildedRose.Domain\GildedRose.Domain.csproj", "{1395380F-DC93-424D-8237-1B4C5CDB7CD6}"
EndProject
Project("{FAE04EC0-301F-11D3-BF4B-00C04F79EFBC}") = "GildedRose.Tests", "GildedRose.Tests\GildedRose.Tests.csproj", "{59F8E632-6D31-4F65-8D7B-C93D729FBB8D}"
EndProject
Global
	GlobalSection(SolutionConfigurationPlatforms) = preSolution
		Debug|Any CPU = Debug|Any CPU
		Release|Any CPU = Release|Any CPU
	EndGlobalSection
	GlobalSection(ProjectConfigurationPlatforms) = postSolution
		{DD6CF8CA-1AD5-4157-AE67-FDB155370D0C}.Debug|Any CPU.ActiveCfg = Debug|Any CPU
		{DD6CF8CA-1AD5-4157-AE67-FDB155370D0C}.Debug|Any CPU.Build.0 = Debug|Any CPU
		{DD6CF8CA-1AD5-4157-AE67-FDB155370D0C}.Release|Any CPU.ActiveCfg = Release|Any CPU
		{DD6CF8CA-1AD5-4157-AE67-FDB155370D0C}.Release|Any CPU.Build.0 = Release|Any CPU
		{1395380F-DC93-424D-8237-1B4C5CDB7CD6}.Debug|Any CPU.ActiveCfg = Debug|Any CPU
		{1395380F-DC93-424D-8237-1B4C5CDB7CD6}.Debug|Any CPU.Build.0 = Debug|Any CPU
		{1395380F-DC93-424D-8237-1B4C5CDB7CD6}.Release|Any CPU.ActiveCfg = Release|Any CPU
		{1395380F-DC93-424D-8237-1B4C5CDB7CD6}.Release|Any CPU.Build.0 = Release|Any CPU
		{59F8E632-6D31-4F65-8D7B-C93D729FBB8D}.Debug|Any CPU.ActiveCfg = Debug|Any CPU
		{59F8E632-6D31-4F65-8D7B-C93D729FBB8D}.Debug|Any CPU.Build.0 = Debug|Any CPU
		{59F8E632-6D31-4F65-8D7B-C93D729FBB8D}.Release|Any CPU.ActiveCfg = Release|Any CPU
		{59F8E632-6D31-4F65-8D7B-C93D729FBB8D}.Release|Any CPU.Build.0 = Release|Any CPU
	EndGlobalSection
	GlobalSection(SolutionProperties) = preSolution
		HideSolutionNode = FALSE
	EndGlobalSection
	GlobalSection(ExtensibilityGlobals) = postSolution
		SolutionGuid = {EC14A30B-6790-4954-A552-9538C4B9B76F}
	EndGlobalSection
EndGlobal
